// !$*UTF8*$!
{
	archiveVersion = 1;
	classes = {
	};
	objectVersion = 50;
	objects = {

/* Begin PBXBuildFile section */
		BBDC310A24D3AE0200089632 /* AppDelegate.m in Sources */ = {isa = PBXBuildFile; fileRef = BBDC310924D3AE0200089632 /* AppDelegate.m */; };
		BBDC311024D3AE0200089632 /* ViewController.m in Sources */ = {isa = PBXBuildFile; fileRef = BBDC310F24D3AE0200089632 /* ViewController.m */; };
		BBDC311324D3AE0200089632 /* Main.storyboard in Resources */ = {isa = PBXBuildFile; fileRef = BBDC311124D3AE0200089632 /* Main.storyboard */; };
		BBDC311524D3AE0400089632 /* Assets.xcassets in Resources */ = {isa = PBXBuildFile; fileRef = BBDC311424D3AE0400089632 /* Assets.xcassets */; };
		BBDC311824D3AE0400089632 /* LaunchScreen.storyboard in Resources */ = {isa = PBXBuildFile; fileRef = BBDC311624D3AE0400089632 /* LaunchScreen.storyboard */; };
		BBDC311B24D3AE0400089632 /* main.m in Sources */ = {isa = PBXBuildFile; fileRef = BBDC311A24D3AE0400089632 /* main.m */; };
		BBDC312324D3AF8700089632 /* CCView.m in Sources */ = {isa = PBXBuildFile; fileRef = BBDC312224D3AF8700089632 /* CCView.m */; };
		BBDC312524D3B07D00089632 /* shaderv.vsh in Resources */ = {isa = PBXBuildFile; fileRef = BBDC312424D3B07D00089632 /* shaderv.vsh */; };
		BBDC312724D3B21000089632 /* shaderf.fsh in Resources */ = {isa = PBXBuildFile; fileRef = BBDC312624D3B21000089632 /* shaderf.fsh */; };
/* End PBXBuildFile section */

/* Begin PBXFileReference section */
		BBDC310524D3AE0200089632 /* 001-GLSL纹理加载图片.app */ = {isa = PBXFileReference; explicitFileType = wrapper.application; includeInIndex = 0; path = "001-GLSL纹理加载图片.app"; sourceTree = BUILT_PRODUCTS_DIR; };
		BBDC310824D3AE0200089632 /* AppDelegate.h */ = {isa = PBXFileReference; lastKnownFileType = sourcecode.c.h; path = AppDelegate.h; sourceTree = "<group>"; };
		BBDC310924D3AE0200089632 /* AppDelegate.m */ = {isa = PBXFileReference; lastKnownFileType = sourcecode.c.objc; path = AppDelegate.m; sourceTree = "<group>"; };
		BBDC310E24D3AE0200089632 /* ViewController.h */ = {isa = PBXFileReference; lastKnownFileType = sourcecode.c.h; path = ViewController.h; sourceTree = "<group>"; };
		BBDC310F24D3AE0200089632 /* ViewController.m */ = {isa = PBXFileReference; lastKnownFileType = sourcecode.c.objc; path = ViewController.m; sourceTree = "<group>"; };
		BBDC311224D3AE0200089632 /* Base */ = {isa = PBXFileReference; lastKnownFileType = file.storyboard; name = Base; path = Base.lproj/Main.storyboard; sourceTree = "<group>"; };
		BBDC311424D3AE0400089632 /* Assets.xcassets */ = {isa = PBXFileReference; lastKnownFileType = folder.assetcatalog; path = Assets.xcassets; sourceTree = "<group>"; };
		BBDC311724D3AE0400089632 /* Base */ = {isa = PBXFileReference; lastKnownFileType = file.storyboard; name = Base; path = Base.lproj/LaunchScreen.storyboard; sourceTree = "<group>"; };
		BBDC311924D3AE0400089632 /* Info.plist */ = {isa = PBXFileReference; lastKnownFileType = text.plist.xml; path = Info.plist; sourceTree = "<group>"; };
		BBDC311A24D3AE0400089632 /* main.m */ = {isa = PBXFileReference; lastKnownFileType = sourcecode.c.objc; path = main.m; sourceTree = "<group>"; };
		BBDC312124D3AF8700089632 /* CCView.h */ = {isa = PBXFileReference; lastKnownFileType = sourcecode.c.h; path = CCView.h; sourceTree = "<group>"; };
		BBDC312224D3AF8700089632 /* CCView.m */ = {isa = PBXFileReference; lastKnownFileType = sourcecode.c.objc; path = CCView.m; sourceTree = "<group>"; };
		BBDC312424D3B07D00089632 /* shaderv.vsh */ = {isa = PBXFileReference; lastKnownFileType = sourcecode.glsl; path = shaderv.vsh; sourceTree = "<group>"; };
		BBDC312624D3B21000089632 /* shaderf.fsh */ = {isa = PBXFileReference; lastKnownFileType = sourcecode.glsl; path = shaderf.fsh; sourceTree = "<group>"; };
/* End PBXFileReference section */

/* Begin PBXFrameworksBuildPhase section */
		BBDC310224D3AE0200089632 /* Frameworks */ = {
			isa = PBXFrameworksBuildPhase;
			buildActionMask = 2147483647;
			files = (
			);
			runOnlyForDeploymentPostprocessing = 0;
		};
/* End PBXFrameworksBuildPhase section */

/* Begin PBXGroup section */
		BBDC30FC24D3AE0200089632 = {
			isa = PBXGroup;
			children = (
				BBDC310724D3AE0200089632 /* 001-GLSL纹理加载图片 */,
				BBDC310624D3AE0200089632 /* Products */,
			);
			sourceTree = "<group>";
		};
		BBDC310624D3AE0200089632 /* Products */ = {
			isa = PBXGroup;
			children = (
				BBDC310524D3AE0200089632 /* 001-GLSL纹理加载图片.app */,
			);
			name = Products;
			sourceTree = "<group>";
		};
		BBDC310724D3AE0200089632 /* 001-GLSL纹理加载图片 */ = {
			isa = PBXGroup;
			children = (
				BBDC310824D3AE0200089632 /* AppDelegate.h */,
				BBDC310924D3AE0200089632 /* AppDelegate.m */,
				BBDC310E24D3AE0200089632 /* ViewController.h */,
				BBDC310F24D3AE0200089632 /* ViewController.m */,
				BBDC311124D3AE0200089632 /* Main.storyboard */,
				BBDC311424D3AE0400089632 /* Assets.xcassets */,
				BBDC311624D3AE0400089632 /* LaunchScreen.storyboard */,
				BBDC311924D3AE0400089632 /* Info.plist */,
				BBDC311A24D3AE0400089632 /* main.m */,
				BBDC312124D3AF8700089632 /* CCView.h */,
				BBDC312224D3AF8700089632 /* CCView.m */,
				BBDC312424D3B07D00089632 /* shaderv.vsh */,
				BBDC312624D3B21000089632 /* shaderf.fsh */,
			);
			path = "001-GLSL纹理加载图片";
			sourceTree = "<group>";
		};
/* End PBXGroup section */

/* Begin PBXNativeTarget section */
		BBDC310424D3AE0200089632 /* 001-GLSL纹理加载图片 */ = {
			isa = PBXNativeTarget;
			buildConfigurationList = BBDC311E24D3AE0400089632 /* Build configuration list for PBXNativeTarget "001-GLSL纹理加载图片" */;
			buildPhases = (
				BBDC310124D3AE0200089632 /* Sources */,
				BBDC310224D3AE0200089632 /* Frameworks */,
				BBDC310324D3AE0200089632 /* Resources */,
			);
			buildRules = (
			);
			dependencies = (
			);
			name = "001-GLSL纹理加载图片";
			productName = "001-GLSL纹理加载图片";
			productReference = BBDC310524D3AE0200089632 /* 001-GLSL纹理加载图片.app */;
			productType = "com.apple.product-type.application";
		};
/* End PBXNativeTarget section */

/* Begin PBXProject section */
		BBDC30FD24D3AE0200089632 /* Project object */ = {
			isa = PBXProject;
			attributes = {
				LastUpgradeCheck = 1130;
				ORGANIZATIONNAME = "han xiao";
				TargetAttributes = {
					BBDC310424D3AE0200089632 = {
						CreatedOnToolsVersion = 11.3;
					};
				};
			};
			buildConfigurationList = BBDC310024D3AE0200089632 /* Build configuration list for PBXProject "001-GLSL纹理加载图片" */;
			compatibilityVersion = "Xcode 9.3";
			developmentRegion = en;
			hasScannedForEncodings = 0;
			knownRegions = (
				en,
				Base,
			);
			mainGroup = BBDC30FC24D3AE0200089632;
			productRefGroup = BBDC310624D3AE0200089632 /* Products */;
			projectDirPath = "";
			projectRoot = "";
			targets = (
				BBDC310424D3AE0200089632 /* 001-GLSL纹理加载图片 */,
			);
		};
/* End PBXProject section */

/* Begin PBXResourcesBuildPhase section */
		BBDC310324D3AE0200089632 /* Resources */ = {
			isa = PBXResourcesBuildPhase;
			buildActionMask = 2147483647;
			files = (
				BBDC312724D3B21000089632 /* shaderf.fsh in Resources */,
				BBDC311824D3AE0400089632 /* LaunchScreen.storyboard in Resources */,
				BBDC311524D3AE0400089632 /* Assets.xcassets in Resources */,
				BBDC311324D3AE0200089632 /* Main.storyboard in Resources */,
				BBDC312524D3B07D00089632 /* shaderv.vsh in Resources */,
			);
			runOnlyForDeploymentPostprocessing = 0;
		};
/* End PBXResourcesBuildPhase section */

/* Begin PBXSourcesBuildPhase section */
		BBDC310124D3AE0200089632 /* Sources */ = {
			isa = PBXSourcesBuildPhase;
			buildActionMask = 2147483647;
			files = (
				BBDC312324D3AF8700089632 /* CCView.m in Sources */,
				BBDC311024D3AE0200089632 /* ViewController.m in Sources */,
				BBDC310A24D3AE0200089632 /* AppDelegate.m in Sources */,
				BBDC311B24D3AE0400089632 /* main.m in Sources */,
			);
			runOnlyForDeploymentPostprocessing = 0;
		};
/* End PBXSourcesBuildPhase section */

/* Begin PBXVariantGroup section */
		BBDC311124D3AE0200089632 /* Main.storyboard */ = {
			isa = PBXVariantGroup;
			children = (
				BBDC311224D3AE0200089632 /* Base */,
			);
			name = Main.storyboard;
			sourceTree = "<group>";
		};
		BBDC311624D3AE0400089632 /* LaunchScreen.storyboard */ = {
			isa = PBXVariantGroup;
			children = (
				BBDC311724D3AE0400089632 /* Base */,
			);
			name = LaunchScreen.storyboard;
			sourceTree = "<group>";
		};
/* End PBXVariantGroup section */

/* Begin XCBuildConfiguration section */
		BBDC311C24D3AE0400089632 /* Debug */ = {
			isa = XCBuildConfiguration;
			buildSettings = {
				ALWAYS_SEARCH_USER_PATHS = NO;
				CLANG_ANALYZER_NONNULL = YES;
				CLANG_ANALYZER_NUMBER_OBJECT_CONVERSION = YES_AGGRESSIVE;
				CLANG_CXX_LANGUAGE_STANDARD = "gnu++14";
				CLANG_CXX_LIBRARY = "libc++";
				CLANG_ENABLE_MODULES = YES;
				CLANG_ENABLE_OBJC_ARC = YES;
				CLANG_ENABLE_OBJC_WEAK = YES;
				CLANG_WARN_BLOCK_CAPTURE_AUTORELEASING = YES;
				CLANG_WARN_BOOL_CONVERSION = YES;
				CLANG_WARN_COMMA = YES;
				CLANG_WARN_CONSTANT_CONVERSION = YES;
				CLANG_WARN_DEPRECATED_OBJC_IMPLEMENTATIONS = YES;
				CLANG_WARN_DIRECT_OBJC_ISA_USAGE = YES_ERROR;
				CLANG_WARN_DOCUMENTATION_COMMENTS = YES;
				CLANG_WARN_EMPTY_BODY = YES;
				CLANG_WARN_ENUM_CONVERSION = YES;
				CLANG_WARN_INFINITE_RECURSION = YES;
				CLANG_WARN_INT_CONVERSION = YES;
				CLANG_WARN_NON_LITERAL_NULL_CONVERSION = YES;
				CLANG_WARN_OBJC_IMPLICIT_RETAIN_SELF = YES;
				CLANG_WARN_OBJC_LITERAL_CONVERSION = YES;
				CLANG_WARN_OBJC_ROOT_CLASS = YES_ERROR;
				CLANG_WARN_RANGE_LOOP_ANALYSIS = YES;
				CLANG_WARN_STRICT_PROTOTYPES = YES;
				CLANG_WARN_SUSPICIOUS_MOVE = YES;
				CLANG_WARN_UNGUARDED_AVAILABILITY = YES_AGGRESSIVE;
				CLANG_WARN_UNREACHABLE_CODE = YES;
				CLANG_WARN__DUPLICATE_METHOD_MATCH = YES;
				COPY_PHASE_STRIP = NO;
				DEBUG_INFORMATION_FORMAT = dwarf;
				ENABLE_STRICT_OBJC_MSGSEND = YES;
				ENABLE_TESTABILITY = YES;
				GCC_C_LANGUAGE_STANDARD = gnu11;
				GCC_DYNAMIC_NO_PIC = NO;
				GCC_NO_COMMON_BLOCKS = YES;
				GCC_OPTIMIZATION_LEVEL = 0;
				GCC_PREPROCESSOR_DEFINITIONS = (
					"DEBUG=1",
					"$(inherited)",
				);
				GCC_WARN_64_TO_32_BIT_CONVERSION = YES;
				GCC_WARN_ABOUT_RETURN_TYPE = YES_ERROR;
				GCC_WARN_UNDECLARED_SELECTOR = YES;
				GCC_WARN_UNINITIALIZED_AUTOS = YES_AGGRESSIVE;
				GCC_WARN_UNUSED_FUNCTION = YES;
				GCC_WARN_UNUSED_VARIABLE = YES;
				IPHONEOS_DEPLOYMENT_TARGET = 10.3;
				MTL_ENABLE_DEBUG_INFO = INCLUDE_SOURCE;
				MTL_FAST_MATH = YES;
				ONLY_ACTIVE_ARCH = YES;
				SDKROOT = iphoneos;
			};
			name = Debug;
		};
		BBDC311D24D3AE0400089632 /* Release */ = {
			isa = XCBuildConfiguration;
			buildSettings = {
				ALWAYS_SEARCH_USER_PATHS = NO;
				CLANG_ANALYZER_NONNULL = YES;
				CLANG_ANALYZER_NUMBER_OBJECT_CONVERSION = YES_AGGRESSIVE;
				CLANG_CXX_LANGUAGE_STANDARD = "gnu++14";
				CLANG_CXX_LIBRARY = "libc++";
				CLANG_ENABLE_MODULES = YES;
				CLANG_ENABLE_OBJC_ARC = YES;
				CLANG_ENABLE_OBJC_WEAK = YES;
				CLANG_WARN_BLOCK_CAPTURE_AUTORELEASING = YES;
				CLANG_WARN_BOOL_CONVERSION = YES;
				CLANG_WARN_COMMA = YES;
				CLANG_WARN_CONSTANT_CONVERSION = YES;
				CLANG_WARN_DEPRECATED_OBJC_IMPLEMENTATIONS = YES;
				CLANG_WARN_DIRECT_OBJC_ISA_USAGE = YES_ERROR;
				CLANG_WARN_DOCUMENTATION_COMMENTS = YES;
				CLANG_WARN_EMPTY_BODY = YES;
				CLANG_WARN_ENUM_CONVERSION = YES;
				CLANG_WARN_INFINITE_RECURSION = YES;
				CLANG_WARN_INT_CONVERSION = YES;
				CLANG_WARN_NON_LITERAL_NULL_CONVERSION = YES;
				CLANG_WARN_OBJC_IMPLICIT_RETAIN_SELF = YES;
				CLANG_WARN_OBJC_LITERAL_CONVERSION = YES;
				CLANG_WARN_OBJC_ROOT_CLASS = YES_ERROR;
				CLANG_WARN_RANGE_LOOP_ANALYSIS = YES;
				CLANG_WARN_STRICT_PROTOTYPES = YES;
				CLANG_WARN_SUSPICIOUS_MOVE = YES;
				CLANG_WARN_UNGUARDED_AVAILABILITY = YES_AGGRESSIVE;
				CLANG_WARN_UNREACHABLE_CODE = YES;
				CLANG_WARN__DUPLICATE_METHOD_MATCH = YES;
				COPY_PHASE_STRIP = NO;
				DEBUG_INFORMATION_FORMAT = "dwarf-with-dsym";
				ENABLE_NS_ASSERTIONS = NO;
				ENABLE_STRICT_OBJC_MSGSEND = YES;
				GCC_C_LANGUAGE_STANDARD = gnu11;
				GCC_NO_COMMON_BLOCKS = YES;
				GCC_WARN_64_TO_32_BIT_CONVERSION = YES;
				GCC_WARN_ABOUT_RETURN_TYPE = YES_ERROR;
				GCC_WARN_UNDECLARED_SELECTOR = YES;
				GCC_WARN_UNINITIALIZED_AUTOS = YES_AGGRESSIVE;
				GCC_WARN_UNUSED_FUNCTION = YES;
				GCC_WARN_UNUSED_VARIABLE = YES;
				IPHONEOS_DEPLOYMENT_TARGET = 10.3;
				MTL_ENABLE_DEBUG_INFO = NO;
				MTL_FAST_MATH = YES;
				SDKROOT = iphoneos;
				VALIDATE_PRODUCT = YES;
			};
			name = Release;
		};
		BBDC311F24D3AE0400089632 /* Debug */ = {
			isa = XCBuildConfiguration;
			buildSettings = {
				ASSETCATALOG_COMPILER_APPICON_NAME = AppIcon;
				CODE_SIGN_STYLE = Automatic;
				DEVELOPMENT_TEAM = 8UA5Z3S999;
				INFOPLIST_FILE = "001-GLSL纹理加载图片/Info.plist";
				LD_RUNPATH_SEARCH_PATHS = (
					"$(inherited)",
					"@executable_path/Frameworks",
				);
				PRODUCT_BUNDLE_IDENTIFIER = "com.wanda.-01-GLSL------";
				PRODUCT_NAME = "$(TARGET_NAME)";
				TARGETED_DEVICE_FAMILY = "1,2";
			};
			name = Debug;
		};
		BBDC312024D3AE0400089632 /* Release */ = {
			isa = XCBuildConfiguration;
			buildSettings = {
				ASSETCATALOG_COMPILER_APPICON_NAME = AppIcon;
				CODE_SIGN_STYLE = Automatic;
				DEVELOPMENT_TEAM = 8UA5Z3S999;
				INFOPLIST_FILE = "001-GLSL纹理加载图片/Info.plist";
				LD_RUNPATH_SEARCH_PATHS = (
					"$(inherited)",
					"@executable_path/Frameworks",
				);
				PRODUCT_BUNDLE_IDENTIFIER = "com.wanda.-01-GLSL------";
				PRODUCT_NAME = "$(TARGET_NAME)";
				TARGETED_DEVICE_FAMILY = "1,2";
			};
			name = Release;
		};
/* End XCBuildConfiguration section */

/* Begin XCConfigurationList section */
		BBDC310024D3AE0200089632 /* Build configuration list for PBXProject "001-GLSL纹理加载图片" */ = {
			isa = XCConfigurationList;
			buildConfigurations = (
				BBDC311C24D3AE0400089632 /* Debug */,
				BBDC311D24D3AE0400089632 /* Release */,
			);
			defaultConfigurationIsVisible = 0;
			defaultConfigurationName = Release;
		};
		BBDC311E24D3AE0400089632 /* Build configuration list for PBXNativeTarget "001-GLSL纹理加载图片" */ = {
			isa = XCConfigurationList;
			buildConfigurations = (
				BBDC311F24D3AE0400089632 /* Debug */,
				BBDC312024D3AE0400089632 /* Release */,
			);
			defaultConfigurationIsVisible = 0;
			defaultConfigurationName = Release;
		};
/* End XCConfigurationList section */
	};
	rootObject = BBDC30FD24D3AE0200089632 /* Project object */;
}
